
Microsoft Visual Studio Solution File, Format Version 12.00
# Visual Studio Version 16
VisualStudioVersion = 16.0.31205.134
MinimumVisualStudioVersion = 10.0.40219.1
Project("{9A19103F-16F7-4668-BE54-9A1E7A4F7556}") = "WebApi", "..\source\repos\HorekoFoodApi\WebApi\WebApi.csproj", "{2735045E-32BA-4464-B503-68F648F3E0DD}"
EndProject
Project("{9A19103F-16F7-4668-BE54-9A1E7A4F7556}") = "Domain", "..\source\repos\HorekoFoodApi\Domain\Domain.csproj", "{ADB43569-285E-46F7-A1BF-6B8C7D82572B}"
EndProject
Global
	GlobalSection(SolutionConfigurationPlatforms) = preSolution
		Debug|Any CPU = Debug|Any CPU
		Release|Any CPU = Release|Any CPU
	EndGlobalSection
	GlobalSection(ProjectConfigurationPlatforms) = postSolution
		{2735045E-32BA-4464-B503-68F648F3E0DD}.Debug|Any CPU.ActiveCfg = Debug|Any CPU
		{2735045E-32BA-4464-B503-68F648F3E0DD}.Debug|Any CPU.Build.0 = Debug|Any CPU
		{2735045E-32BA-4464-B503-68F648F3E0DD}.Release|Any CPU.ActiveCfg = Release|Any CPU
		{2735045E-32BA-4464-B503-68F648F3E0DD}.Release|Any CPU.Build.0 = Release|Any CPU
		{ADB43569-285E-46F7-A1BF-6B8C7D82572B}.Debug|Any CPU.ActiveCfg = Debug|Any CPU
		{ADB43569-285E-46F7-A1BF-6B8C7D82572B}.Debug|Any CPU.Build.0 = Debug|Any CPU
		{ADB43569-285E-46F7-A1BF-6B8C7D82572B}.Release|Any CPU.ActiveCfg = Release|Any CPU
		{ADB43569-285E-46F7-A1BF-6B8C7D82572B}.Release|Any CPU.Build.0 = Release|Any CPU
	EndGlobalSection
	GlobalSection(SolutionProperties) = preSolution
		HideSolutionNode = FALSE
	EndGlobalSection
	GlobalSection(ExtensibilityGlobals) = postSolution
		SolutionGuid = {464880A3-86C5-4347-A3C1-5D72E4AB01F4}
	EndGlobalSection
EndGlobal
